// !$*UTF8*$!
{
	archiveVersion = 1;
	classes = {
	};
	objectVersion = 56;
	objects = {

/* Begin PBXBuildFile section */
		6E25C12D2B58C14000FCC927 /* UserDefaultManager.swift in Sources */ = {isa = PBXBuildFile; fileRef = 6E25C12C2B58C14000FCC927 /* UserDefaultManager.swift */; };
		6E3CBC4B2B562176007B9FF9 /* Lotto.swift in Sources */ = {isa = PBXBuildFile; fileRef = 6E3CBC4A2B562176007B9FF9 /* Lotto.swift */; };
		6E3CBC4D2B562180007B9FF9 /* RequestURL.swift in Sources */ = {isa = PBXBuildFile; fileRef = 6E3CBC4C2B562180007B9FF9 /* RequestURL.swift */; };
		6E3CBC512B562195007B9FF9 /* MarketViewController.swift in Sources */ = {isa = PBXBuildFile; fileRef = 6E3CBC502B562195007B9FF9 /* MarketViewController.swift */; };
		6E3CBC532B5621C0007B9FF9 /* Market.swift in Sources */ = {isa = PBXBuildFile; fileRef = 6E3CBC522B5621C0007B9FF9 /* Market.swift */; };
		6E3CBC552B562567007B9FF9 /* BoxOffice.swift in Sources */ = {isa = PBXBuildFile; fileRef = 6E3CBC542B562567007B9FF9 /* BoxOffice.swift */; };
		6E3CBC5C2B565779007B9FF9 /* APIManager.swift in Sources */ = {isa = PBXBuildFile; fileRef = 6E3CBC5B2B565779007B9FF9 /* APIManager.swift */; };
		6E3CBCEA2B576737007B9FF9 /* PapagoViewController.swift in Sources */ = {isa = PBXBuildFile; fileRef = 6E3CBCE92B576737007B9FF9 /* PapagoViewController.swift */; };
		6E3CBCEC2B576AF2007B9FF9 /* BookViewController.swift in Sources */ = {isa = PBXBuildFile; fileRef = 6E3CBCEB2B576AF2007B9FF9 /* BookViewController.swift */; };
		6E3CBCF02B576C86007B9FF9 /* .gitignore in Resources */ = {isa = PBXBuildFile; fileRef = 6E3CBCEF2B576C86007B9FF9 /* .gitignore */; };
		6E3CBCF22B576D0A007B9FF9 /* APIKey.swift in Sources */ = {isa = PBXBuildFile; fileRef = 6E3CBCF12B576D0A007B9FF9 /* APIKey.swift */; };
		6E3CBCF62B576FF5007B9FF9 /* Papago.swift in Sources */ = {isa = PBXBuildFile; fileRef = 6E3CBCF52B576FF5007B9FF9 /* Papago.swift */; };
		6E3CBCF82B577A9A007B9FF9 /* Book.swift in Sources */ = {isa = PBXBuildFile; fileRef = 6E3CBCF72B577A9A007B9FF9 /* Book.swift */; };
		6E8085982B57A5B3007D6CEC /* PapagoLanguage.swift in Sources */ = {isa = PBXBuildFile; fileRef = 6E8085972B57A5B3007D6CEC /* PapagoLanguage.swift */; };
		6E80859C2B57AE9D007D6CEC /* LanguageViewController.swift in Sources */ = {isa = PBXBuildFile; fileRef = 6E80859B2B57AE9D007D6CEC /* LanguageViewController.swift */; };
		6E8085A12B57C1F2007D6CEC /* BookCollectionViewCell.swift in Sources */ = {isa = PBXBuildFile; fileRef = 6E80859F2B57C1F2007D6CEC /* BookCollectionViewCell.swift */; };
		6E8085A22B57C1F2007D6CEC /* BookCollectionViewCell.xib in Resources */ = {isa = PBXBuildFile; fileRef = 6E8085A02B57C1F2007D6CEC /* BookCollectionViewCell.xib */; };
		6E8085A52B57C421007D6CEC /* Kingfisher in Frameworks */ = {isa = PBXBuildFile; productRef = 6E8085A42B57C421007D6CEC /* Kingfisher */; };
		6EF215632B5611CA0025599F /* AppDelegate.swift in Sources */ = {isa = PBXBuildFile; fileRef = 6EF215622B5611CA0025599F /* AppDelegate.swift */; };
		6EF215652B5611CA0025599F /* SceneDelegate.swift in Sources */ = {isa = PBXBuildFile; fileRef = 6EF215642B5611CA0025599F /* SceneDelegate.swift */; };
		6EF215672B5611CA0025599F /* LottoViewController.swift in Sources */ = {isa = PBXBuildFile; fileRef = 6EF215662B5611CA0025599F /* LottoViewController.swift */; };
		6EF2156A2B5611CA0025599F /* Main.storyboard in Resources */ = {isa = PBXBuildFile; fileRef = 6EF215682B5611CA0025599F /* Main.storyboard */; };
		6EF2156C2B5611CC0025599F /* Assets.xcassets in Resources */ = {isa = PBXBuildFile; fileRef = 6EF2156B2B5611CC0025599F /* Assets.xcassets */; };
		6EF2156F2B5611CC0025599F /* LaunchScreen.storyboard in Resources */ = {isa = PBXBuildFile; fileRef = 6EF2156D2B5611CC0025599F /* LaunchScreen.storyboard */; };
		6EF215782B5612440025599F /* Alamofire in Frameworks */ = {isa = PBXBuildFile; productRef = 6EF215772B5612440025599F /* Alamofire */; };
/* End PBXBuildFile section */

/* Begin PBXFileReference section */
		6E25C12C2B58C14000FCC927 /* UserDefaultManager.swift */ = {isa = PBXFileReference; lastKnownFileType = sourcecode.swift; path = UserDefaultManager.swift; sourceTree = "<group>"; };
		6E3CBC4A2B562176007B9FF9 /* Lotto.swift */ = {isa = PBXFileReference; lastKnownFileType = sourcecode.swift; path = Lotto.swift; sourceTree = "<group>"; };
		6E3CBC4C2B562180007B9FF9 /* RequestURL.swift */ = {isa = PBXFileReference; lastKnownFileType = sourcecode.swift; path = RequestURL.swift; sourceTree = "<group>"; };
		6E3CBC502B562195007B9FF9 /* MarketViewController.swift */ = {isa = PBXFileReference; lastKnownFileType = sourcecode.swift; path = MarketViewController.swift; sourceTree = "<group>"; };
		6E3CBC522B5621C0007B9FF9 /* Market.swift */ = {isa = PBXFileReference; lastKnownFileType = sourcecode.swift; path = Market.swift; sourceTree = "<group>"; };
		6E3CBC542B562567007B9FF9 /* BoxOffice.swift */ = {isa = PBXFileReference; lastKnownFileType = sourcecode.swift; path = BoxOffice.swift; sourceTree = "<group>"; };
		6E3CBC5B2B565779007B9FF9 /* APIManager.swift */ = {isa = PBXFileReference; lastKnownFileType = sourcecode.swift; path = APIManager.swift; sourceTree = "<group>"; };
		6E3CBCE92B576737007B9FF9 /* PapagoViewController.swift */ = {isa = PBXFileReference; lastKnownFileType = sourcecode.swift; path = PapagoViewController.swift; sourceTree = "<group>"; };
		6E3CBCEB2B576AF2007B9FF9 /* BookViewController.swift */ = {isa = PBXFileReference; lastKnownFileType = sourcecode.swift; path = BookViewController.swift; sourceTree = "<group>"; };
		6E3CBCEF2B576C86007B9FF9 /* .gitignore */ = {isa = PBXFileReference; fileEncoding = 4; lastKnownFileType = text; path = .gitignore; sourceTree = "<group>"; };
		6E3CBCF12B576D0A007B9FF9 /* APIKey.swift */ = {isa = PBXFileReference; lastKnownFileType = sourcecode.swift; path = APIKey.swift; sourceTree = "<group>"; };
		6E3CBCF52B576FF5007B9FF9 /* Papago.swift */ = {isa = PBXFileReference; lastKnownFileType = sourcecode.swift; path = Papago.swift; sourceTree = "<group>"; };
		6E3CBCF72B577A9A007B9FF9 /* Book.swift */ = {isa = PBXFileReference; lastKnownFileType = sourcecode.swift; path = Book.swift; sourceTree = "<group>"; };
		6E8085972B57A5B3007D6CEC /* PapagoLanguage.swift */ = {isa = PBXFileReference; lastKnownFileType = sourcecode.swift; path = PapagoLanguage.swift; sourceTree = "<group>"; };
		6E80859B2B57AE9D007D6CEC /* LanguageViewController.swift */ = {isa = PBXFileReference; lastKnownFileType = sourcecode.swift; path = LanguageViewController.swift; sourceTree = "<group>"; };
		6E80859F2B57C1F2007D6CEC /* BookCollectionViewCell.swift */ = {isa = PBXFileReference; lastKnownFileType = sourcecode.swift; path = BookCollectionViewCell.swift; sourceTree = "<group>"; };
		6E8085A02B57C1F2007D6CEC /* BookCollectionViewCell.xib */ = {isa = PBXFileReference; lastKnownFileType = file.xib; path = BookCollectionViewCell.xib; sourceTree = "<group>"; };
		6EF2155F2B5611CA0025599F /* SeSAC-Week4-Network.app */ = {isa = PBXFileReference; explicitFileType = wrapper.application; includeInIndex = 0; path = "SeSAC-Week4-Network.app"; sourceTree = BUILT_PRODUCTS_DIR; };
		6EF215622B5611CA0025599F /* AppDelegate.swift */ = {isa = PBXFileReference; lastKnownFileType = sourcecode.swift; path = AppDelegate.swift; sourceTree = "<group>"; };
		6EF215642B5611CA0025599F /* SceneDelegate.swift */ = {isa = PBXFileReference; lastKnownFileType = sourcecode.swift; path = SceneDelegate.swift; sourceTree = "<group>"; };
		6EF215662B5611CA0025599F /* LottoViewController.swift */ = {isa = PBXFileReference; lastKnownFileType = sourcecode.swift; path = LottoViewController.swift; sourceTree = "<group>"; };
		6EF215692B5611CA0025599F /* Base */ = {isa = PBXFileReference; lastKnownFileType = file.storyboard; name = Base; path = Base.lproj/Main.storyboard; sourceTree = "<group>"; };
		6EF2156B2B5611CC0025599F /* Assets.xcassets */ = {isa = PBXFileReference; lastKnownFileType = folder.assetcatalog; path = Assets.xcassets; sourceTree = "<group>"; };
		6EF2156E2B5611CC0025599F /* Base */ = {isa = PBXFileReference; lastKnownFileType = file.storyboard; name = Base; path = Base.lproj/LaunchScreen.storyboard; sourceTree = "<group>"; };
		6EF215702B5611CC0025599F /* Info.plist */ = {isa = PBXFileReference; lastKnownFileType = text.plist.xml; path = Info.plist; sourceTree = "<group>"; };
/* End PBXFileReference section */

/* Begin PBXFrameworksBuildPhase section */
		6EF2155C2B5611CA0025599F /* Frameworks */ = {
			isa = PBXFrameworksBuildPhase;
			buildActionMask = 2147483647;
			files = (
				6E8085A52B57C421007D6CEC /* Kingfisher in Frameworks */,
				6EF215782B5612440025599F /* Alamofire in Frameworks */,
			);
			runOnlyForDeploymentPostprocessing = 0;
		};
/* End PBXFrameworksBuildPhase section */

/* Begin PBXGroup section */
		6E3CBCF42B576EAA007B9FF9 /* ExceptTest */ = {
			isa = PBXGroup;
			children = (
			);
			path = ExceptTest;
			sourceTree = "<group>";
		};
		6E8085912B57A321007D6CEC /* Papago */ = {
			isa = PBXGroup;
			children = (
				6E3CBCF52B576FF5007B9FF9 /* Papago.swift */,
				6E8085972B57A5B3007D6CEC /* PapagoLanguage.swift */,
			);
			path = Papago;
			sourceTree = "<group>";
		};
		6E8085922B57A324007D6CEC /* Book */ = {
			isa = PBXGroup;
			children = (
				6E3CBCF72B577A9A007B9FF9 /* Book.swift */,
			);
			path = Book;
			sourceTree = "<group>";
		};
		6E8085932B57A395007D6CEC /* Netowrk */ = {
			isa = PBXGroup;
			children = (
				6E3CBC4C2B562180007B9FF9 /* RequestURL.swift */,
			);
			path = Netowrk;
			sourceTree = "<group>";
		};
		6E8085942B57A39E007D6CEC /* Local */ = {
			isa = PBXGroup;
			children = (
				6E8085922B57A324007D6CEC /* Book */,
				6E8085912B57A321007D6CEC /* Papago */,
				6E3CBC4A2B562176007B9FF9 /* Lotto.swift */,
				6E3CBC522B5621C0007B9FF9 /* Market.swift */,
				6E3CBC542B562567007B9FF9 /* BoxOffice.swift */,
			);
			path = Local;
			sourceTree = "<group>";
		};
		6E8085952B57A3B3007D6CEC /* Papago */ = {
			isa = PBXGroup;
			children = (
				6E3CBCE92B576737007B9FF9 /* PapagoViewController.swift */,
				6E80859B2B57AE9D007D6CEC /* LanguageViewController.swift */,
			);
			path = Papago;
			sourceTree = "<group>";
		};
		6E8085962B57A3B5007D6CEC /* Book */ = {
			isa = PBXGroup;
			children = (
				6E3CBCEB2B576AF2007B9FF9 /* BookViewController.swift */,
				6E80859F2B57C1F2007D6CEC /* BookCollectionViewCell.swift */,
				6E8085A02B57C1F2007D6CEC /* BookCollectionViewCell.xib */,
			);
			path = Book;
			sourceTree = "<group>";
		};
		6EF215562B5611CA0025599F = {
			isa = PBXGroup;
			children = (
				6E3CBCEF2B576C86007B9FF9 /* .gitignore */,
				6EF215612B5611CA0025599F /* SeSAC-Week4-Network */,
				6EF215602B5611CA0025599F /* Products */,
			);
			sourceTree = "<group>";
		};
		6EF215602B5611CA0025599F /* Products */ = {
			isa = PBXGroup;
			children = (
				6EF2155F2B5611CA0025599F /* SeSAC-Week4-Network.app */,
			);
			name = Products;
			sourceTree = "<group>";
		};
		6EF215612B5611CA0025599F /* SeSAC-Week4-Network */ = {
			isa = PBXGroup;
			children = (
				6E3CBCF42B576EAA007B9FF9 /* ExceptTest */,
				6EF215792B5612470025599F /* App */,
				6EF2156B2B5611CC0025599F /* Assets.xcassets */,
				6EF2157A2B56124A0025599F /* Config */,
				6EF2157B2B56124C0025599F /* Data */,
				6EF2157C2B56124F0025599F /* Presenter */,
				6EF2157D2B5612520025599F /* Utility */,
			);
			path = "SeSAC-Week4-Network";
			sourceTree = "<group>";
		};
		6EF215792B5612470025599F /* App */ = {
			isa = PBXGroup;
			children = (
				6EF215622B5611CA0025599F /* AppDelegate.swift */,
				6EF215642B5611CA0025599F /* SceneDelegate.swift */,
			);
			path = App;
			sourceTree = "<group>";
		};
		6EF2157A2B56124A0025599F /* Config */ = {
			isa = PBXGroup;
			children = (
				6EF215702B5611CC0025599F /* Info.plist */,
				6E3CBCF12B576D0A007B9FF9 /* APIKey.swift */,
			);
			path = Config;
			sourceTree = "<group>";
		};
		6EF2157B2B56124C0025599F /* Data */ = {
			isa = PBXGroup;
			children = (
				6E8085942B57A39E007D6CEC /* Local */,
				6E8085932B57A395007D6CEC /* Netowrk */,
			);
			path = Data;
			sourceTree = "<group>";
		};
		6EF2157C2B56124F0025599F /* Presenter */ = {
			isa = PBXGroup;
			children = (
				6E8085952B57A3B3007D6CEC /* Papago */,
				6E8085962B57A3B5007D6CEC /* Book */,
				6EF2156D2B5611CC0025599F /* LaunchScreen.storyboard */,
				6EF215682B5611CA0025599F /* Main.storyboard */,
				6EF215662B5611CA0025599F /* LottoViewController.swift */,
				6E3CBC502B562195007B9FF9 /* MarketViewController.swift */,
			);
			path = Presenter;
			sourceTree = "<group>";
		};
		6EF2157D2B5612520025599F /* Utility */ = {
			isa = PBXGroup;
			children = (
				6E3CBC5B2B565779007B9FF9 /* APIManager.swift */,
				6E25C12C2B58C14000FCC927 /* UserDefaultManager.swift */,
			);
			path = Utility;
			sourceTree = "<group>";
		};
/* End PBXGroup section */

/* Begin PBXNativeTarget section */
		6EF2155E2B5611CA0025599F /* SeSAC-Week4-Network */ = {
			isa = PBXNativeTarget;
			buildConfigurationList = 6EF215732B5611CC0025599F /* Build configuration list for PBXNativeTarget "SeSAC-Week4-Network" */;
			buildPhases = (
				6EF2155B2B5611CA0025599F /* Sources */,
				6EF2155C2B5611CA0025599F /* Frameworks */,
				6EF2155D2B5611CA0025599F /* Resources */,
			);
			buildRules = (
			);
			dependencies = (
			);
			name = "SeSAC-Week4-Network";
			packageProductDependencies = (
				6EF215772B5612440025599F /* Alamofire */,
				6E8085A42B57C421007D6CEC /* Kingfisher */,
			);
			productName = "SeSAC-Week4-Network";
			productReference = 6EF2155F2B5611CA0025599F /* SeSAC-Week4-Network.app */;
			productType = "com.apple.product-type.application";
		};
/* End PBXNativeTarget section */

/* Begin PBXProject section */
		6EF215572B5611CA0025599F /* Project object */ = {
			isa = PBXProject;
			attributes = {
				BuildIndependentTargetsInParallel = 1;
				LastSwiftUpdateCheck = 1520;
				LastUpgradeCheck = 1520;
				TargetAttributes = {
					6EF2155E2B5611CA0025599F = {
						CreatedOnToolsVersion = 15.2;
					};
				};
			};
			buildConfigurationList = 6EF2155A2B5611CA0025599F /* Build configuration list for PBXProject "SeSAC-Week4-Network" */;
			compatibilityVersion = "Xcode 14.0";
			developmentRegion = en;
			hasScannedForEncodings = 0;
			knownRegions = (
				en,
				Base,
			);
			mainGroup = 6EF215562B5611CA0025599F;
			packageReferences = (
				6EF215762B5612440025599F /* XCRemoteSwiftPackageReference "Alamofire" */,
				6E8085A32B57C421007D6CEC /* XCRemoteSwiftPackageReference "Kingfisher" */,
			);
			productRefGroup = 6EF215602B5611CA0025599F /* Products */;
			projectDirPath = "";
			projectRoot = "";
			targets = (
				6EF2155E2B5611CA0025599F /* SeSAC-Week4-Network */,
			);
		};
/* End PBXProject section */

/* Begin PBXResourcesBuildPhase section */
		6EF2155D2B5611CA0025599F /* Resources */ = {
			isa = PBXResourcesBuildPhase;
			buildActionMask = 2147483647;
			files = (
				6E3CBCF02B576C86007B9FF9 /* .gitignore in Resources */,
				6EF2156F2B5611CC0025599F /* LaunchScreen.storyboard in Resources */,
				6EF2156C2B5611CC0025599F /* Assets.xcassets in Resources */,
				6EF2156A2B5611CA0025599F /* Main.storyboard in Resources */,
				6E8085A22B57C1F2007D6CEC /* BookCollectionViewCell.xib in Resources */,
			);
			runOnlyForDeploymentPostprocessing = 0;
		};
/* End PBXResourcesBuildPhase section */

/* Begin PBXSourcesBuildPhase section */
		6EF2155B2B5611CA0025599F /* Sources */ = {
			isa = PBXSourcesBuildPhase;
			buildActionMask = 2147483647;
			files = (
				6E3CBC4B2B562176007B9FF9 /* Lotto.swift in Sources */,
				6E3CBC4D2B562180007B9FF9 /* RequestURL.swift in Sources */,
				6E3CBCF82B577A9A007B9FF9 /* Book.swift in Sources */,
				6E3CBCEA2B576737007B9FF9 /* PapagoViewController.swift in Sources */,
				6E3CBCEC2B576AF2007B9FF9 /* BookViewController.swift in Sources */,
				6E3CBC532B5621C0007B9FF9 /* Market.swift in Sources */,
				6E25C12D2B58C14000FCC927 /* UserDefaultManager.swift in Sources */,
				6E8085A12B57C1F2007D6CEC /* BookCollectionViewCell.swift in Sources */,
				6EF215672B5611CA0025599F /* LottoViewController.swift in Sources */,
				6EF215632B5611CA0025599F /* AppDelegate.swift in Sources */,
				6E3CBC512B562195007B9FF9 /* MarketViewController.swift in Sources */,
				6EF215652B5611CA0025599F /* SceneDelegate.swift in Sources */,
				6E80859C2B57AE9D007D6CEC /* LanguageViewController.swift in Sources */,
				6E3CBC552B562567007B9FF9 /* BoxOffice.swift in Sources */,
				6E3CBCF62B576FF5007B9FF9 /* Papago.swift in Sources */,
				6E3CBCF22B576D0A007B9FF9 /* APIKey.swift in Sources */,
				6E3CBC5C2B565779007B9FF9 /* APIManager.swift in Sources */,
				6E8085982B57A5B3007D6CEC /* PapagoLanguage.swift in Sources */,
			);
			runOnlyForDeploymentPostprocessing = 0;
		};
/* End PBXSourcesBuildPhase section */

/* Begin PBXVariantGroup section */
		6EF215682B5611CA0025599F /* Main.storyboard */ = {
			isa = PBXVariantGroup;
			children = (
				6EF215692B5611CA0025599F /* Base */,
			);
			name = Main.storyboard;
			sourceTree = "<group>";
		};
		6EF2156D2B5611CC0025599F /* LaunchScreen.storyboard */ = {
			isa = PBXVariantGroup;
			children = (
				6EF2156E2B5611CC0025599F /* Base */,
			);
			name = LaunchScreen.storyboard;
			sourceTree = "<group>";
		};
/* End PBXVariantGroup section */

/* Begin XCBuildConfiguration section */
		6EF215712B5611CC0025599F /* Debug */ = {
			isa = XCBuildConfiguration;
			buildSettings = {
				ALWAYS_SEARCH_USER_PATHS = NO;
				ASSETCATALOG_COMPILER_GENERATE_SWIFT_ASSET_SYMBOL_EXTENSIONS = YES;
				CLANG_ANALYZER_NONNULL = YES;
				CLANG_ANALYZER_NUMBER_OBJECT_CONVERSION = YES_AGGRESSIVE;
				CLANG_CXX_LANGUAGE_STANDARD = "gnu++20";
				CLANG_ENABLE_MODULES = YES;
				CLANG_ENABLE_OBJC_ARC = YES;
				CLANG_ENABLE_OBJC_WEAK = YES;
				CLANG_WARN_BLOCK_CAPTURE_AUTORELEASING = YES;
				CLANG_WARN_BOOL_CONVERSION = YES;
				CLANG_WARN_COMMA = YES;
				CLANG_WARN_CONSTANT_CONVERSION = YES;
				CLANG_WARN_DEPRECATED_OBJC_IMPLEMENTATIONS = YES;
				CLANG_WARN_DIRECT_OBJC_ISA_USAGE = YES_ERROR;
				CLANG_WARN_DOCUMENTATION_COMMENTS = YES;
				CLANG_WARN_EMPTY_BODY = YES;
				CLANG_WARN_ENUM_CONVERSION = YES;
				CLANG_WARN_INFINITE_RECURSION = YES;
				CLANG_WARN_INT_CONVERSION = YES;
				CLANG_WARN_NON_LITERAL_NULL_CONVERSION = YES;
				CLANG_WARN_OBJC_IMPLICIT_RETAIN_SELF = YES;
				CLANG_WARN_OBJC_LITERAL_CONVERSION = YES;
				CLANG_WARN_OBJC_ROOT_CLASS = YES_ERROR;
				CLANG_WARN_QUOTED_INCLUDE_IN_FRAMEWORK_HEADER = YES;
				CLANG_WARN_RANGE_LOOP_ANALYSIS = YES;
				CLANG_WARN_STRICT_PROTOTYPES = YES;
				CLANG_WARN_SUSPICIOUS_MOVE = YES;
				CLANG_WARN_UNGUARDED_AVAILABILITY = YES_AGGRESSIVE;
				CLANG_WARN_UNREACHABLE_CODE = YES;
				CLANG_WARN__DUPLICATE_METHOD_MATCH = YES;
				COPY_PHASE_STRIP = NO;
				DEBUG_INFORMATION_FORMAT = dwarf;
				ENABLE_STRICT_OBJC_MSGSEND = YES;
				ENABLE_TESTABILITY = YES;
				ENABLE_USER_SCRIPT_SANDBOXING = YES;
				GCC_C_LANGUAGE_STANDARD = gnu17;
				GCC_DYNAMIC_NO_PIC = NO;
				GCC_NO_COMMON_BLOCKS = YES;
				GCC_OPTIMIZATION_LEVEL = 0;
				GCC_PREPROCESSOR_DEFINITIONS = (
					"DEBUG=1",
					"$(inherited)",
				);
				GCC_WARN_64_TO_32_BIT_CONVERSION = YES;
				GCC_WARN_ABOUT_RETURN_TYPE = YES_ERROR;
				GCC_WARN_UNDECLARED_SELECTOR = YES;
				GCC_WARN_UNINITIALIZED_AUTOS = YES_AGGRESSIVE;
				GCC_WARN_UNUSED_FUNCTION = YES;
				GCC_WARN_UNUSED_VARIABLE = YES;
				IPHONEOS_DEPLOYMENT_TARGET = 17.2;
				LOCALIZATION_PREFERS_STRING_CATALOGS = YES;
				MTL_ENABLE_DEBUG_INFO = INCLUDE_SOURCE;
				MTL_FAST_MATH = YES;
				ONLY_ACTIVE_ARCH = YES;
				SDKROOT = iphoneos;
				SWIFT_ACTIVE_COMPILATION_CONDITIONS = "DEBUG $(inherited)";
				SWIFT_OPTIMIZATION_LEVEL = "-Onone";
			};
			name = Debug;
		};
		6EF215722B5611CC0025599F /* Release */ = {
			isa = XCBuildConfiguration;
			buildSettings = {
				ALWAYS_SEARCH_USER_PATHS = NO;
				ASSETCATALOG_COMPILER_GENERATE_SWIFT_ASSET_SYMBOL_EXTENSIONS = YES;
				CLANG_ANALYZER_NONNULL = YES;
				CLANG_ANALYZER_NUMBER_OBJECT_CONVERSION = YES_AGGRESSIVE;
				CLANG_CXX_LANGUAGE_STANDARD = "gnu++20";
				CLANG_ENABLE_MODULES = YES;
				CLANG_ENABLE_OBJC_ARC = YES;
				CLANG_ENABLE_OBJC_WEAK = YES;
				CLANG_WARN_BLOCK_CAPTURE_AUTORELEASING = YES;
				CLANG_WARN_BOOL_CONVERSION = YES;
				CLANG_WARN_COMMA = YES;
				CLANG_WARN_CONSTANT_CONVERSION = YES;
				CLANG_WARN_DEPRECATED_OBJC_IMPLEMENTATIONS = YES;
				CLANG_WARN_DIRECT_OBJC_ISA_USAGE = YES_ERROR;
				CLANG_WARN_DOCUMENTATION_COMMENTS = YES;
				CLANG_WARN_EMPTY_BODY = YES;
				CLANG_WARN_ENUM_CONVERSION = YES;
				CLANG_WARN_INFINITE_RECURSION = YES;
				CLANG_WARN_INT_CONVERSION = YES;
				CLANG_WARN_NON_LITERAL_NULL_CONVERSION = YES;
				CLANG_WARN_OBJC_IMPLICIT_RETAIN_SELF = YES;
				CLANG_WARN_OBJC_LITERAL_CONVERSION = YES;
				CLANG_WARN_OBJC_ROOT_CLASS = YES_ERROR;
				CLANG_WARN_QUOTED_INCLUDE_IN_FRAMEWORK_HEADER = YES;
				CLANG_WARN_RANGE_LOOP_ANALYSIS = YES;
				CLANG_WARN_STRICT_PROTOTYPES = YES;
				CLANG_WARN_SUSPICIOUS_MOVE = YES;
				CLANG_WARN_UNGUARDED_AVAILABILITY = YES_AGGRESSIVE;
				CLANG_WARN_UNREACHABLE_CODE = YES;
				CLANG_WARN__DUPLICATE_METHOD_MATCH = YES;
				COPY_PHASE_STRIP = NO;
				DEBUG_INFORMATION_FORMAT = "dwarf-with-dsym";
				ENABLE_NS_ASSERTIONS = NO;
				ENABLE_STRICT_OBJC_MSGSEND = YES;
				ENABLE_USER_SCRIPT_SANDBOXING = YES;
				GCC_C_LANGUAGE_STANDARD = gnu17;
				GCC_NO_COMMON_BLOCKS = YES;
				GCC_WARN_64_TO_32_BIT_CONVERSION = YES;
				GCC_WARN_ABOUT_RETURN_TYPE = YES_ERROR;
				GCC_WARN_UNDECLARED_SELECTOR = YES;
				GCC_WARN_UNINITIALIZED_AUTOS = YES_AGGRESSIVE;
				GCC_WARN_UNUSED_FUNCTION = YES;
				GCC_WARN_UNUSED_VARIABLE = YES;
				IPHONEOS_DEPLOYMENT_TARGET = 17.2;
				LOCALIZATION_PREFERS_STRING_CATALOGS = YES;
				MTL_ENABLE_DEBUG_INFO = NO;
				MTL_FAST_MATH = YES;
				SDKROOT = iphoneos;
				SWIFT_COMPILATION_MODE = wholemodule;
				VALIDATE_PRODUCT = YES;
			};
			name = Release;
		};
		6EF215742B5611CC0025599F /* Debug */ = {
			isa = XCBuildConfiguration;
			buildSettings = {
				ASSETCATALOG_COMPILER_APPICON_NAME = AppIcon;
				ASSETCATALOG_COMPILER_GLOBAL_ACCENT_COLOR_NAME = AccentColor;
				CODE_SIGN_STYLE = Automatic;
				CURRENT_PROJECT_VERSION = 1;
				DEVELOPMENT_TEAM = 75QZ7682T2;
				GENERATE_INFOPLIST_FILE = YES;
				INFOPLIST_FILE = "SeSAC-Week4-Network/Config/Info.plist";
				INFOPLIST_KEY_UIApplicationSupportsIndirectInputEvents = YES;
				INFOPLIST_KEY_UILaunchStoryboardName = LaunchScreen;
				INFOPLIST_KEY_UIMainStoryboardFile = Main;
				INFOPLIST_KEY_UISupportedInterfaceOrientations_iPad = "UIInterfaceOrientationPortrait UIInterfaceOrientationPortraitUpsideDown UIInterfaceOrientationLandscapeLeft UIInterfaceOrientationLandscapeRight";
				INFOPLIST_KEY_UISupportedInterfaceOrientations_iPhone = "UIInterfaceOrientationPortrait UIInterfaceOrientationLandscapeLeft UIInterfaceOrientationLandscapeRight";
				LD_RUNPATH_SEARCH_PATHS = (
					"$(inherited)",
					"@executable_path/Frameworks",
				);
				MARKETING_VERSION = 1.0;
				PRODUCT_BUNDLE_IDENTIFIER = "com.Kaz.SeSAC-Week4-Network";
				PRODUCT_NAME = "$(TARGET_NAME)";
				SWIFT_EMIT_LOC_STRINGS = YES;
				SWIFT_VERSION = 5.0;
				TARGETED_DEVICE_FAMILY = "1,2";
			};
			name = Debug;
		};
		6EF215752B5611CC0025599F /* Release */ = {
			isa = XCBuildConfiguration;
			buildSettings = {
				ASSETCATALOG_COMPILER_APPICON_NAME = AppIcon;
				ASSETCATALOG_COMPILER_GLOBAL_ACCENT_COLOR_NAME = AccentColor;
				CODE_SIGN_STYLE = Automatic;
				CURRENT_PROJECT_VERSION = 1;
				DEVELOPMENT_TEAM = 75QZ7682T2;
				GENERATE_INFOPLIST_FILE = YES;
				INFOPLIST_FILE = "SeSAC-Week4-Network/Config/Info.plist";
				INFOPLIST_KEY_UIApplicationSupportsIndirectInputEvents = YES;
				INFOPLIST_KEY_UILaunchStoryboardName = LaunchScreen;
				INFOPLIST_KEY_UIMainStoryboardFile = Main;
				INFOPLIST_KEY_UISupportedInterfaceOrientations_iPad = "UIInterfaceOrientationPortrait UIInterfaceOrientationPortraitUpsideDown UIInterfaceOrientationLandscapeLeft UIInterfaceOrientationLandscapeRight";
				INFOPLIST_KEY_UISupportedInterfaceOrientations_iPhone = "UIInterfaceOrientationPortrait UIInterfaceOrientationLandscapeLeft UIInterfaceOrientationLandscapeRight";
				LD_RUNPATH_SEARCH_PATHS = (
					"$(inherited)",
					"@executable_path/Frameworks",
				);
				MARKETING_VERSION = 1.0;
				PRODUCT_BUNDLE_IDENTIFIER = "com.Kaz.SeSAC-Week4-Network";
				PRODUCT_NAME = "$(TARGET_NAME)";
				SWIFT_EMIT_LOC_STRINGS = YES;
				SWIFT_VERSION = 5.0;
				TARGETED_DEVICE_FAMILY = "1,2";
			};
			name = Release;
		};
/* End XCBuildConfiguration section */

/* Begin XCConfigurationList section */
		6EF2155A2B5611CA0025599F /* Build configuration list for PBXProject "SeSAC-Week4-Network" */ = {
			isa = XCConfigurationList;
			buildConfigurations = (
				6EF215712B5611CC0025599F /* Debug */,
				6EF215722B5611CC0025599F /* Release */,
			);
			defaultConfigurationIsVisible = 0;
			defaultConfigurationName = Release;
		};
		6EF215732B5611CC0025599F /* Build configuration list for PBXNativeTarget "SeSAC-Week4-Network" */ = {
			isa = XCConfigurationList;
			buildConfigurations = (
				6EF215742B5611CC0025599F /* Debug */,
				6EF215752B5611CC0025599F /* Release */,
			);
			defaultConfigurationIsVisible = 0;
			defaultConfigurationName = Release;
		};
/* End XCConfigurationList section */

/* Begin XCRemoteSwiftPackageReference section */
		6E8085A32B57C421007D6CEC /* XCRemoteSwiftPackageReference "Kingfisher" */ = {
			isa = XCRemoteSwiftPackageReference;
			repositoryURL = "https://github.com/onevcat/Kingfisher";
			requirement = {
				kind = upToNextMajorVersion;
				minimumVersion = 7.10.2;
			};
		};
		6EF215762B5612440025599F /* XCRemoteSwiftPackageReference "Alamofire" */ = {
			isa = XCRemoteSwiftPackageReference;
			repositoryURL = "https://github.com/Alamofire/Alamofire";
			requirement = {
				kind = upToNextMajorVersion;
				minimumVersion = 5.8.1;
			};
		};
/* End XCRemoteSwiftPackageReference section */

/* Begin XCSwiftPackageProductDependency section */
		6E8085A42B57C421007D6CEC /* Kingfisher */ = {
			isa = XCSwiftPackageProductDependency;
			package = 6E8085A32B57C421007D6CEC /* XCRemoteSwiftPackageReference "Kingfisher" */;
			productName = Kingfisher;
		};
		6EF215772B5612440025599F /* Alamofire */ = {
			isa = XCSwiftPackageProductDependency;
			package = 6EF215762B5612440025599F /* XCRemoteSwiftPackageReference "Alamofire" */;
			productName = Alamofire;
		};
/* End XCSwiftPackageProductDependency section */
	};
	rootObject = 6EF215572B5611CA0025599F /* Project object */;
}
